
Microsoft Visual Studio Solution File, Format Version 12.00
# Visual Studio 15
VisualStudioVersion = 15.0.28010.2026
MinimumVisualStudioVersion = 10.0.40219.1
Project("{FAE04EC0-301F-11D3-BF4B-00C04F79EFBC}") = "MessageBus.Demo", "MessageBus.Demo\MessageBus.Demo.csproj", "{C7FB750F-CFB2-412C-B462-99161FA7660E}"
EndProject
Project("{FAE04EC0-301F-11D3-BF4B-00C04F79EFBC}") = "MessagesBus.Demo.XConnect", "MessagesBus.Demo.XConnect\MessagesBus.Demo.XConnect.csproj", "{31E81938-9876-4E74-A02C-40DD6F2DF9DC}"
EndProject
Project("{FAE04EC0-301F-11D3-BF4B-00C04F79EFBC}") = "MessageBus.Demo.Core", "MessageBus.Demo.Core\MessageBus.Demo.Core.csproj", "{B2DC1328-5247-419B-ADB8-500111C79302}"
EndProject
Project("{FAE04EC0-301F-11D3-BF4B-00C04F79EFBC}") = "MessageTracker", "MessageTracker\MessageTracker.csproj", "{D56B76CD-3D73-4B43-8E2F-965D81DB1C91}"
EndProject
Project("{FAE04EC0-301F-11D3-BF4B-00C04F79EFBC}") = "MessageTrackerPubSub", "MessageTrackerPubSub\MessageTrackerPubSub.csproj", "{72A72155-DA69-4A36-80A4-82DB2AF5A348}"
EndProject
Global
	GlobalSection(SolutionConfigurationPlatforms) = preSolution
		Debug|Any CPU = Debug|Any CPU
		Release|Any CPU = Release|Any CPU
	EndGlobalSection
	GlobalSection(ProjectConfigurationPlatforms) = postSolution
		{C7FB750F-CFB2-412C-B462-99161FA7660E}.Debug|Any CPU.ActiveCfg = Debug|Any CPU
		{C7FB750F-CFB2-412C-B462-99161FA7660E}.Debug|Any CPU.Build.0 = Debug|Any CPU
		{C7FB750F-CFB2-412C-B462-99161FA7660E}.Release|Any CPU.ActiveCfg = Release|Any CPU
		{C7FB750F-CFB2-412C-B462-99161FA7660E}.Release|Any CPU.Build.0 = Release|Any CPU
		{31E81938-9876-4E74-A02C-40DD6F2DF9DC}.Debug|Any CPU.ActiveCfg = Debug|Any CPU
		{31E81938-9876-4E74-A02C-40DD6F2DF9DC}.Debug|Any CPU.Build.0 = Debug|Any CPU
		{31E81938-9876-4E74-A02C-40DD6F2DF9DC}.Release|Any CPU.ActiveCfg = Release|Any CPU
		{31E81938-9876-4E74-A02C-40DD6F2DF9DC}.Release|Any CPU.Build.0 = Release|Any CPU
		{B2DC1328-5247-419B-ADB8-500111C79302}.Debug|Any CPU.ActiveCfg = Debug|Any CPU
		{B2DC1328-5247-419B-ADB8-500111C79302}.Debug|Any CPU.Build.0 = Debug|Any CPU
		{B2DC1328-5247-419B-ADB8-500111C79302}.Release|Any CPU.ActiveCfg = Release|Any CPU
		{B2DC1328-5247-419B-ADB8-500111C79302}.Release|Any CPU.Build.0 = Release|Any CPU
		{D56B76CD-3D73-4B43-8E2F-965D81DB1C91}.Debug|Any CPU.ActiveCfg = Debug|Any CPU
		{D56B76CD-3D73-4B43-8E2F-965D81DB1C91}.Debug|Any CPU.Build.0 = Debug|Any CPU
		{D56B76CD-3D73-4B43-8E2F-965D81DB1C91}.Release|Any CPU.ActiveCfg = Release|Any CPU
		{D56B76CD-3D73-4B43-8E2F-965D81DB1C91}.Release|Any CPU.Build.0 = Release|Any CPU
		{72A72155-DA69-4A36-80A4-82DB2AF5A348}.Debug|Any CPU.ActiveCfg = Debug|Any CPU
		{72A72155-DA69-4A36-80A4-82DB2AF5A348}.Debug|Any CPU.Build.0 = Debug|Any CPU
		{72A72155-DA69-4A36-80A4-82DB2AF5A348}.Release|Any CPU.ActiveCfg = Release|Any CPU
		{72A72155-DA69-4A36-80A4-82DB2AF5A348}.Release|Any CPU.Build.0 = Release|Any CPU
	EndGlobalSection
	GlobalSection(SolutionProperties) = preSolution
		HideSolutionNode = FALSE
	EndGlobalSection
	GlobalSection(ExtensibilityGlobals) = postSolution
		SolutionGuid = {309AA7D4-6781-4353-9A2C-9962FEABF1E5}
	EndGlobalSection
EndGlobal
